
Microsoft Visual Studio Solution File, Format Version 12.00
# Visual Studio Version 17
VisualStudioVersion = 17.1.32328.378
MinimumVisualStudioVersion = 10.0.40219.1
Project("{FAE04EC0-301F-11D3-BF4B-00C04F79EFBC}") = "Lab5_DesarrolloWeb", "Lab5_DesarrolloWeb\Lab5_DesarrolloWeb.csproj", "{63EB80EF-1EF4-448C-BCEC-0C0622B56B31}"
EndProject
Global
	GlobalSection(SolutionConfigurationPlatforms) = preSolution
		Debug|Any CPU = Debug|Any CPU
		Release|Any CPU = Release|Any CPU
	EndGlobalSection
	GlobalSection(ProjectConfigurationPlatforms) = postSolution
		{63EB80EF-1EF4-448C-BCEC-0C0622B56B31}.Debug|Any CPU.ActiveCfg = Debug|Any CPU
		{63EB80EF-1EF4-448C-BCEC-0C0622B56B31}.Debug|Any CPU.Build.0 = Debug|Any CPU
		{63EB80EF-1EF4-448C-BCEC-0C0622B56B31}.Release|Any CPU.ActiveCfg = Release|Any CPU
		{63EB80EF-1EF4-448C-BCEC-0C0622B56B31}.Release|Any CPU.Build.0 = Release|Any CPU
	EndGlobalSection
	GlobalSection(SolutionProperties) = preSolution
		HideSolutionNode = FALSE
	EndGlobalSection
	GlobalSection(ExtensibilityGlobals) = postSolution
		SolutionGuid = {3440FC57-4F0F-4029-A1D6-905A631635A0}
	EndGlobalSection
EndGlobal
